
Microsoft Visual Studio Solution File, Format Version 12.00
# Visual Studio Version 16
VisualStudioVersion = 16.0.31729.503
MinimumVisualStudioVersion = 10.0.40219.1
Project("{FAE04EC0-301F-11D3-BF4B-00C04F79EFBC}") = "P2-AP2-Darianna-20190261", "P2-AP2-Darianna-20190261.csproj", "{351291DC-5051-4401-B48C-CFEBC2A75FA2}"
EndProject
Global
	GlobalSection(SolutionConfigurationPlatforms) = preSolution
		Debug|Any CPU = Debug|Any CPU
		Release|Any CPU = Release|Any CPU
	EndGlobalSection
	GlobalSection(ProjectConfigurationPlatforms) = postSolution
		{351291DC-5051-4401-B48C-CFEBC2A75FA2}.Debug|Any CPU.ActiveCfg = Debug|Any CPU
		{351291DC-5051-4401-B48C-CFEBC2A75FA2}.Debug|Any CPU.Build.0 = Debug|Any CPU
		{351291DC-5051-4401-B48C-CFEBC2A75FA2}.Release|Any CPU.ActiveCfg = Release|Any CPU
		{351291DC-5051-4401-B48C-CFEBC2A75FA2}.Release|Any CPU.Build.0 = Release|Any CPU
	EndGlobalSection
	GlobalSection(SolutionProperties) = preSolution
		HideSolutionNode = FALSE
	EndGlobalSection
	GlobalSection(ExtensibilityGlobals) = postSolution
		SolutionGuid = {073A072A-132C-4E30-989D-B9740F4170C4}
	EndGlobalSection
EndGlobal
